
Microsoft Visual Studio Solution File, Format Version 12.00
# Visual Studio Version 16
VisualStudioVersion = 16.0.31321.278
MinimumVisualStudioVersion = 10.0.40219.1
Project("{FAE04EC0-301F-11D3-BF4B-00C04F79EFBC}") = "IS-1-19-SharafullinAA", "IS-1-19-SharafullinAA\IS-1-19-SharafullinAA.csproj", "{04016570-EA86-4841-B834-7A3141F73539}"
EndProject
Project("{FAE04EC0-301F-11D3-BF4B-00C04F79EFBC}") = "Задание 2", "Задание 2\Задание 2.csproj", "{398B235D-A411-4446-811F-CC2C1C23E2E2}"
EndProject
Project("{FAE04EC0-301F-11D3-BF4B-00C04F79EFBC}") = "Задние 3", "Задние 3\Задние 3.csproj", "{1FE61EAE-B51A-475B-8A90-AC22C06DD612}"
EndProject
Global
	GlobalSection(SolutionConfigurationPlatforms) = preSolution
		Debug|Any CPU = Debug|Any CPU
		Release|Any CPU = Release|Any CPU
	EndGlobalSection
	GlobalSection(ProjectConfigurationPlatforms) = postSolution
		{04016570-EA86-4841-B834-7A3141F73539}.Debug|Any CPU.ActiveCfg = Debug|Any CPU
		{04016570-EA86-4841-B834-7A3141F73539}.Debug|Any CPU.Build.0 = Debug|Any CPU
		{04016570-EA86-4841-B834-7A3141F73539}.Release|Any CPU.ActiveCfg = Release|Any CPU
		{04016570-EA86-4841-B834-7A3141F73539}.Release|Any CPU.Build.0 = Release|Any CPU
		{398B235D-A411-4446-811F-CC2C1C23E2E2}.Debug|Any CPU.ActiveCfg = Debug|Any CPU
		{398B235D-A411-4446-811F-CC2C1C23E2E2}.Debug|Any CPU.Build.0 = Debug|Any CPU
		{398B235D-A411-4446-811F-CC2C1C23E2E2}.Release|Any CPU.ActiveCfg = Release|Any CPU
		{398B235D-A411-4446-811F-CC2C1C23E2E2}.Release|Any CPU.Build.0 = Release|Any CPU
		{1FE61EAE-B51A-475B-8A90-AC22C06DD612}.Debug|Any CPU.ActiveCfg = Debug|Any CPU
		{1FE61EAE-B51A-475B-8A90-AC22C06DD612}.Debug|Any CPU.Build.0 = Debug|Any CPU
		{1FE61EAE-B51A-475B-8A90-AC22C06DD612}.Release|Any CPU.ActiveCfg = Release|Any CPU
		{1FE61EAE-B51A-475B-8A90-AC22C06DD612}.Release|Any CPU.Build.0 = Release|Any CPU
	EndGlobalSection
	GlobalSection(SolutionProperties) = preSolution
		HideSolutionNode = FALSE
	EndGlobalSection
	GlobalSection(ExtensibilityGlobals) = postSolution
		SolutionGuid = {BA430E4C-A058-4DFC-8A81-F71EA63F1416}
	EndGlobalSection
EndGlobal
